
Microsoft Visual Studio Solution File, Format Version 12.00
# Visual Studio 15
VisualStudioVersion = 15.0.27703.2035
MinimumVisualStudioVersion = 10.0.40219.1
Project("{FAE04EC0-301F-11D3-BF4B-00C04F79EFBC}") = "FicheUtilities.DiskStatus.Tests", "FicheUtilities.DiskStatus.Tests\FicheUtilities.DiskStatus.Tests.csproj", "{878907D1-4E0B-425E-A8EF-6C9A6850E77C}"
EndProject
Project("{FAE04EC0-301F-11D3-BF4B-00C04F79EFBC}") = "FicheUtilities.CLI", "FicheUtilities.DiskStatus.CLI\FicheUtilities.CLI.csproj", "{0CDF013F-E382-463B-AD87-A60040F67483}"
EndProject
Project("{9A19103F-16F7-4668-BE54-9A1E7A4F7556}") = "FicheUtilities.DiskStatus.Core", "FicheUtilities.DiskStatus.Core\FicheUtilities.DiskStatus.Core.csproj", "{8C0A7ACE-596D-489C-BD50-1B7D88CBEE19}"
EndProject
Global
	GlobalSection(SolutionConfigurationPlatforms) = preSolution
		Debug|Any CPU = Debug|Any CPU
		Release|Any CPU = Release|Any CPU
	EndGlobalSection
	GlobalSection(ProjectConfigurationPlatforms) = postSolution
		{878907D1-4E0B-425E-A8EF-6C9A6850E77C}.Debug|Any CPU.ActiveCfg = Debug|Any CPU
		{878907D1-4E0B-425E-A8EF-6C9A6850E77C}.Debug|Any CPU.Build.0 = Debug|Any CPU
		{878907D1-4E0B-425E-A8EF-6C9A6850E77C}.Release|Any CPU.ActiveCfg = Release|Any CPU
		{878907D1-4E0B-425E-A8EF-6C9A6850E77C}.Release|Any CPU.Build.0 = Release|Any CPU
		{0CDF013F-E382-463B-AD87-A60040F67483}.Debug|Any CPU.ActiveCfg = Debug|Any CPU
		{0CDF013F-E382-463B-AD87-A60040F67483}.Debug|Any CPU.Build.0 = Debug|Any CPU
		{0CDF013F-E382-463B-AD87-A60040F67483}.Release|Any CPU.ActiveCfg = Release|Any CPU
		{0CDF013F-E382-463B-AD87-A60040F67483}.Release|Any CPU.Build.0 = Release|Any CPU
		{8C0A7ACE-596D-489C-BD50-1B7D88CBEE19}.Debug|Any CPU.ActiveCfg = Debug|Any CPU
		{8C0A7ACE-596D-489C-BD50-1B7D88CBEE19}.Debug|Any CPU.Build.0 = Debug|Any CPU
		{8C0A7ACE-596D-489C-BD50-1B7D88CBEE19}.Release|Any CPU.ActiveCfg = Release|Any CPU
		{8C0A7ACE-596D-489C-BD50-1B7D88CBEE19}.Release|Any CPU.Build.0 = Release|Any CPU
	EndGlobalSection
	GlobalSection(SolutionProperties) = preSolution
		HideSolutionNode = FALSE
	EndGlobalSection
	GlobalSection(ExtensibilityGlobals) = postSolution
		SolutionGuid = {E301A95E-F5C7-4E2C-803E-EBAAEC17192D}
	EndGlobalSection
EndGlobal
